// !$*UTF8*$!
{
	archiveVersion = 1;
	classes = {
	};
	objectVersion = 52;
	objects = {

/* Begin PBXBuildFile section */
		23304BFA2658911C007ED020 /* FlagsListCell.swift in Sources */ = {isa = PBXBuildFile; fileRef = 23304BF92658911C007ED020 /* FlagsListCell.swift */; };
		23304BFE2658CF82007ED020 /* FlagsListFilterViewController.swift in Sources */ = {isa = PBXBuildFile; fileRef = 23304BFD2658CF82007ED020 /* FlagsListFilterViewController.swift */; };
		233545602659A2AC003F246F /* FlagDetailViewController.swift in Sources */ = {isa = PBXBuildFile; fileRef = 2335455F2659A2AC003F246F /* FlagDetailViewController.swift */; };
		233545632659A4CA003F246F /* VXEmojiFlag.swift in Sources */ = {isa = PBXBuildFile; fileRef = 233545622659A4CA003F246F /* VXEmojiFlag.swift */; };
		233545652659C0A4003F246F /* UIView+Ext.swift in Sources */ = {isa = PBXBuildFile; fileRef = 233545642659C0A4003F246F /* UIView+Ext.swift */; };
		23354569265A3748003F246F /* VXGeoLocationData.swift in Sources */ = {isa = PBXBuildFile; fileRef = 23354568265A3748003F246F /* VXGeoLocationData.swift */; };
		2335456B265A37C5003F246F /* iso-geolocation-data.json in Resources */ = {isa = PBXBuildFile; fileRef = 2335456A265A37C5003F246F /* iso-geolocation-data.json */; };
		2335456E265AD3BA003F246F /* VXGeoLocationManager.swift in Sources */ = {isa = PBXBuildFile; fileRef = 2335456D265AD3BA003F246F /* VXGeoLocationManager.swift */; };
		2376A5DC26578A9000E9A128 /* AppDelegate.swift in Sources */ = {isa = PBXBuildFile; fileRef = 2376A5DB26578A9000E9A128 /* AppDelegate.swift */; };
		2376A5DE26578A9000E9A128 /* SceneDelegate.swift in Sources */ = {isa = PBXBuildFile; fileRef = 2376A5DD26578A9000E9A128 /* SceneDelegate.swift */; };
		2376A5E526578A9400E9A128 /* Assets.xcassets in Resources */ = {isa = PBXBuildFile; fileRef = 2376A5E426578A9400E9A128 /* Assets.xcassets */; };
		2376A5E826578A9400E9A128 /* LaunchScreen.storyboard in Resources */ = {isa = PBXBuildFile; fileRef = 2376A5E626578A9400E9A128 /* LaunchScreen.storyboard */; };
		239F69BE282B17EE00E198D2 /* Veximoji in Frameworks */ = {isa = PBXBuildFile; productRef = 239F69BD282B17EE00E198D2 /* Veximoji */; };
		239F69C1282B803E00E198D2 /* FlagDetailMapView.swift in Sources */ = {isa = PBXBuildFile; fileRef = 239F69C0282B803E00E198D2 /* FlagDetailMapView.swift */; };
		23EC01D128276EB4007FCF12 /* FlagsListViewController.swift in Sources */ = {isa = PBXBuildFile; fileRef = 23EC01D028276EB4007FCF12 /* FlagsListViewController.swift */; };
		23EC01D328276F08007FCF12 /* FlagsListDataSource.swift in Sources */ = {isa = PBXBuildFile; fileRef = 23EC01D228276F08007FCF12 /* FlagsListDataSource.swift */; };
		23EC01D52827869D007FCF12 /* FlagsListFilterDataSource.swift in Sources */ = {isa = PBXBuildFile; fileRef = 23EC01D42827869D007FCF12 /* FlagsListFilterDataSource.swift */; };
/* End PBXBuildFile section */

/* Begin PBXFileReference section */
		23304BF92658911C007ED020 /* FlagsListCell.swift */ = {isa = PBXFileReference; lastKnownFileType = sourcecode.swift; path = FlagsListCell.swift; sourceTree = "<group>"; };
		23304BFD2658CF82007ED020 /* FlagsListFilterViewController.swift */ = {isa = PBXFileReference; lastKnownFileType = sourcecode.swift; path = FlagsListFilterViewController.swift; sourceTree = "<group>"; };
		2335455F2659A2AC003F246F /* FlagDetailViewController.swift */ = {isa = PBXFileReference; lastKnownFileType = sourcecode.swift; path = FlagDetailViewController.swift; sourceTree = "<group>"; };
		233545622659A4CA003F246F /* VXEmojiFlag.swift */ = {isa = PBXFileReference; lastKnownFileType = sourcecode.swift; path = VXEmojiFlag.swift; sourceTree = "<group>"; };
		233545642659C0A4003F246F /* UIView+Ext.swift */ = {isa = PBXFileReference; lastKnownFileType = sourcecode.swift; path = "UIView+Ext.swift"; sourceTree = "<group>"; };
		23354568265A3748003F246F /* VXGeoLocationData.swift */ = {isa = PBXFileReference; lastKnownFileType = sourcecode.swift; path = VXGeoLocationData.swift; sourceTree = "<group>"; };
		2335456A265A37C5003F246F /* iso-geolocation-data.json */ = {isa = PBXFileReference; lastKnownFileType = text.json; path = "iso-geolocation-data.json"; sourceTree = "<group>"; };
		2335456D265AD3BA003F246F /* VXGeoLocationManager.swift */ = {isa = PBXFileReference; lastKnownFileType = sourcecode.swift; path = VXGeoLocationManager.swift; sourceTree = "<group>"; };
		2376A5D826578A9000E9A128 /* Veximoji-Example.app */ = {isa = PBXFileReference; explicitFileType = wrapper.application; includeInIndex = 0; path = "Veximoji-Example.app"; sourceTree = BUILT_PRODUCTS_DIR; };
		2376A5DB26578A9000E9A128 /* AppDelegate.swift */ = {isa = PBXFileReference; lastKnownFileType = sourcecode.swift; path = AppDelegate.swift; sourceTree = "<group>"; };
		2376A5DD26578A9000E9A128 /* SceneDelegate.swift */ = {isa = PBXFileReference; lastKnownFileType = sourcecode.swift; path = SceneDelegate.swift; sourceTree = "<group>"; };
		2376A5E426578A9400E9A128 /* Assets.xcassets */ = {isa = PBXFileReference; lastKnownFileType = folder.assetcatalog; path = Assets.xcassets; sourceTree = "<group>"; };
		2376A5E726578A9400E9A128 /* Base */ = {isa = PBXFileReference; lastKnownFileType = file.storyboard; name = Base; path = Base.lproj/LaunchScreen.storyboard; sourceTree = "<group>"; };
		2376A5E926578A9400E9A128 /* Info.plist */ = {isa = PBXFileReference; lastKnownFileType = text.plist.xml; path = Info.plist; sourceTree = "<group>"; };
		239F69C0282B803E00E198D2 /* FlagDetailMapView.swift */ = {isa = PBXFileReference; lastKnownFileType = sourcecode.swift; path = FlagDetailMapView.swift; sourceTree = "<group>"; };
		23EC01D028276EB4007FCF12 /* FlagsListViewController.swift */ = {isa = PBXFileReference; lastKnownFileType = sourcecode.swift; path = FlagsListViewController.swift; sourceTree = "<group>"; };
		23EC01D228276F08007FCF12 /* FlagsListDataSource.swift */ = {isa = PBXFileReference; lastKnownFileType = sourcecode.swift; path = FlagsListDataSource.swift; sourceTree = "<group>"; };
		23EC01D42827869D007FCF12 /* FlagsListFilterDataSource.swift */ = {isa = PBXFileReference; lastKnownFileType = sourcecode.swift; path = FlagsListFilterDataSource.swift; sourceTree = "<group>"; };
/* End PBXFileReference section */

/* Begin PBXFrameworksBuildPhase section */
		2376A5D526578A9000E9A128 /* Frameworks */ = {
			isa = PBXFrameworksBuildPhase;
			buildActionMask = 2147483647;
			files = (
				239F69BE282B17EE00E198D2 /* Veximoji in Frameworks */,
			);
			runOnlyForDeploymentPostprocessing = 0;
		};
/* End PBXFrameworksBuildPhase section */

/* Begin PBXGroup section */
		23304BFB2658CF44007ED020 /* Controllers */ = {
			isa = PBXGroup;
			children = (
				239F69BF282B7CEF00E198D2 /* FlagDetail */,
				23304BFC2658CF57007ED020 /* Cells */,
				23EC01D62827C407007FCF12 /* Data Sources */,
				23304BFD2658CF82007ED020 /* FlagsListFilterViewController.swift */,
				23EC01D028276EB4007FCF12 /* FlagsListViewController.swift */,
			);
			path = Controllers;
			sourceTree = "<group>";
		};
		23304BFC2658CF57007ED020 /* Cells */ = {
			isa = PBXGroup;
			children = (
				23304BF92658911C007ED020 /* FlagsListCell.swift */,
			);
			path = Cells;
			sourceTree = "<group>";
		};
		233545612659A4B6003F246F /* Models */ = {
			isa = PBXGroup;
			children = (
				23354568265A3748003F246F /* VXGeoLocationData.swift */,
				233545622659A4CA003F246F /* VXEmojiFlag.swift */,
			);
			path = Models;
			sourceTree = "<group>";
		};
		233545662659C0A7003F246F /* Extensions */ = {
			isa = PBXGroup;
			children = (
				233545642659C0A4003F246F /* UIView+Ext.swift */,
			);
			path = Extensions;
			sourceTree = "<group>";
		};
		23354567265A372E003F246F /* Data */ = {
			isa = PBXGroup;
			children = (
				2335456A265A37C5003F246F /* iso-geolocation-data.json */,
			);
			path = Data;
			sourceTree = "<group>";
		};
		2335456C265AD3A4003F246F /* Managers */ = {
			isa = PBXGroup;
			children = (
				2335456D265AD3BA003F246F /* VXGeoLocationManager.swift */,
			);
			path = Managers;
			sourceTree = "<group>";
		};
		2376A5CF26578A9000E9A128 = {
			isa = PBXGroup;
			children = (
				2376A5DA26578A9000E9A128 /* Veximoji-Example */,
				2376A5D926578A9000E9A128 /* Products */,
			);
			sourceTree = "<group>";
		};
		2376A5D926578A9000E9A128 /* Products */ = {
			isa = PBXGroup;
			children = (
				2376A5D826578A9000E9A128 /* Veximoji-Example.app */,
			);
			name = Products;
			sourceTree = "<group>";
		};
		2376A5DA26578A9000E9A128 /* Veximoji-Example */ = {
			isa = PBXGroup;
			children = (
				2335456C265AD3A4003F246F /* Managers */,
				23354567265A372E003F246F /* Data */,
				233545662659C0A7003F246F /* Extensions */,
				233545612659A4B6003F246F /* Models */,
				23304BFB2658CF44007ED020 /* Controllers */,
				2376A5DB26578A9000E9A128 /* AppDelegate.swift */,
				2376A5DD26578A9000E9A128 /* SceneDelegate.swift */,
				2376A5E426578A9400E9A128 /* Assets.xcassets */,
				2376A5E626578A9400E9A128 /* LaunchScreen.storyboard */,
				2376A5E926578A9400E9A128 /* Info.plist */,
			);
			path = "Veximoji-Example";
			sourceTree = "<group>";
		};
		239F69BF282B7CEF00E198D2 /* FlagDetail */ = {
			isa = PBXGroup;
			children = (
				2335455F2659A2AC003F246F /* FlagDetailViewController.swift */,
				239F69C0282B803E00E198D2 /* FlagDetailMapView.swift */,
			);
			path = FlagDetail;
			sourceTree = "<group>";
		};
		23EC01D62827C407007FCF12 /* Data Sources */ = {
			isa = PBXGroup;
			children = (
				23EC01D228276F08007FCF12 /* FlagsListDataSource.swift */,
				23EC01D42827869D007FCF12 /* FlagsListFilterDataSource.swift */,
			);
			path = "Data Sources";
			sourceTree = "<group>";
		};
/* End PBXGroup section */

/* Begin PBXNativeTarget section */
		2376A5D726578A9000E9A128 /* Veximoji-Example */ = {
			isa = PBXNativeTarget;
			buildConfigurationList = 2376A5EC26578A9400E9A128 /* Build configuration list for PBXNativeTarget "Veximoji-Example" */;
			buildPhases = (
				2376A5D426578A9000E9A128 /* Sources */,
				2376A5D526578A9000E9A128 /* Frameworks */,
				2376A5D626578A9000E9A128 /* Resources */,
			);
			buildRules = (
			);
			dependencies = (
			);
			name = "Veximoji-Example";
			packageProductDependencies = (
				239F69BD282B17EE00E198D2 /* Veximoji */,
			);
			productName = VeximojiDemo;
			productReference = 2376A5D826578A9000E9A128 /* Veximoji-Example.app */;
			productType = "com.apple.product-type.application";
		};
/* End PBXNativeTarget section */

/* Begin PBXProject section */
		2376A5D026578A9000E9A128 /* Project object */ = {
			isa = PBXProject;
			attributes = {
				LastSwiftUpdateCheck = 1250;
				LastUpgradeCheck = 1250;
				TargetAttributes = {
					2376A5D726578A9000E9A128 = {
						CreatedOnToolsVersion = 12.5;
					};
				};
			};
			buildConfigurationList = 2376A5D326578A9000E9A128 /* Build configuration list for PBXProject "Veximoji-Example" */;
			compatibilityVersion = "Xcode 9.3";
			developmentRegion = en;
			hasScannedForEncodings = 0;
			knownRegions = (
				en,
				Base,
			);
			mainGroup = 2376A5CF26578A9000E9A128;
			packageReferences = (
				2376A5F12657934E00E9A128 /* XCRemoteSwiftPackageReference "Veximoji" */,
				239F69BC282B17EE00E198D2 /* XCRemoteSwiftPackageReference "Veximoji" */,
			);
			productRefGroup = 2376A5D926578A9000E9A128 /* Products */;
			projectDirPath = "";
			projectRoot = "";
			targets = (
				2376A5D726578A9000E9A128 /* Veximoji-Example */,
			);
		};
/* End PBXProject section */

/* Begin PBXResourcesBuildPhase section */
		2376A5D626578A9000E9A128 /* Resources */ = {
			isa = PBXResourcesBuildPhase;
			buildActionMask = 2147483647;
			files = (
				2376A5E826578A9400E9A128 /* LaunchScreen.storyboard in Resources */,
				2335456B265A37C5003F246F /* iso-geolocation-data.json in Resources */,
				2376A5E526578A9400E9A128 /* Assets.xcassets in Resources */,
			);
			runOnlyForDeploymentPostprocessing = 0;
		};
/* End PBXResourcesBuildPhase section */

/* Begin PBXSourcesBuildPhase section */
		2376A5D426578A9000E9A128 /* Sources */ = {
			isa = PBXSourcesBuildPhase;
			buildActionMask = 2147483647;
			files = (
				23354569265A3748003F246F /* VXGeoLocationData.swift in Sources */,
				233545652659C0A4003F246F /* UIView+Ext.swift in Sources */,
				2376A5DC26578A9000E9A128 /* AppDelegate.swift in Sources */,
				23304BFA2658911C007ED020 /* FlagsListCell.swift in Sources */,
				23EC01D128276EB4007FCF12 /* FlagsListViewController.swift in Sources */,
				239F69C1282B803E00E198D2 /* FlagDetailMapView.swift in Sources */,
				2335456E265AD3BA003F246F /* VXGeoLocationManager.swift in Sources */,
				2376A5DE26578A9000E9A128 /* SceneDelegate.swift in Sources */,
				23EC01D52827869D007FCF12 /* FlagsListFilterDataSource.swift in Sources */,
				233545602659A2AC003F246F /* FlagDetailViewController.swift in Sources */,
				23EC01D328276F08007FCF12 /* FlagsListDataSource.swift in Sources */,
				23304BFE2658CF82007ED020 /* FlagsListFilterViewController.swift in Sources */,
				233545632659A4CA003F246F /* VXEmojiFlag.swift in Sources */,
			);
			runOnlyForDeploymentPostprocessing = 0;
		};
/* End PBXSourcesBuildPhase section */

/* Begin PBXVariantGroup section */
		2376A5E626578A9400E9A128 /* LaunchScreen.storyboard */ = {
			isa = PBXVariantGroup;
			children = (
				2376A5E726578A9400E9A128 /* Base */,
			);
			name = LaunchScreen.storyboard;
			sourceTree = "<group>";
		};
/* End PBXVariantGroup section */

/* Begin XCBuildConfiguration section */
		2376A5EA26578A9400E9A128 /* Debug */ = {
			isa = XCBuildConfiguration;
			buildSettings = {
				ALWAYS_SEARCH_USER_PATHS = NO;
				CLANG_ANALYZER_NONNULL = YES;
				CLANG_ANALYZER_NUMBER_OBJECT_CONVERSION = YES_AGGRESSIVE;
				CLANG_CXX_LANGUAGE_STANDARD = "gnu++14";
				CLANG_CXX_LIBRARY = "libc++";
				CLANG_ENABLE_MODULES = YES;
				CLANG_ENABLE_OBJC_ARC = YES;
				CLANG_ENABLE_OBJC_WEAK = YES;
				CLANG_WARN_BLOCK_CAPTURE_AUTORELEASING = YES;
				CLANG_WARN_BOOL_CONVERSION = YES;
				CLANG_WARN_COMMA = YES;
				CLANG_WARN_CONSTANT_CONVERSION = YES;
				CLANG_WARN_DEPRECATED_OBJC_IMPLEMENTATIONS = YES;
				CLANG_WARN_DIRECT_OBJC_ISA_USAGE = YES_ERROR;
				CLANG_WARN_DOCUMENTATION_COMMENTS = YES;
				CLANG_WARN_EMPTY_BODY = YES;
				CLANG_WARN_ENUM_CONVERSION = YES;
				CLANG_WARN_INFINITE_RECURSION = YES;
				CLANG_WARN_INT_CONVERSION = YES;
				CLANG_WARN_NON_LITERAL_NULL_CONVERSION = YES;
				CLANG_WARN_OBJC_IMPLICIT_RETAIN_SELF = YES;
				CLANG_WARN_OBJC_LITERAL_CONVERSION = YES;
				CLANG_WARN_OBJC_ROOT_CLASS = YES_ERROR;
				CLANG_WARN_QUOTED_INCLUDE_IN_FRAMEWORK_HEADER = YES;
				CLANG_WARN_RANGE_LOOP_ANALYSIS = YES;
				CLANG_WARN_STRICT_PROTOTYPES = YES;
				CLANG_WARN_SUSPICIOUS_MOVE = YES;
				CLANG_WARN_UNGUARDED_AVAILABILITY = YES_AGGRESSIVE;
				CLANG_WARN_UNREACHABLE_CODE = YES;
				CLANG_WARN__DUPLICATE_METHOD_MATCH = YES;
				COPY_PHASE_STRIP = NO;
				DEBUG_INFORMATION_FORMAT = dwarf;
				ENABLE_STRICT_OBJC_MSGSEND = YES;
				ENABLE_TESTABILITY = YES;
				GCC_C_LANGUAGE_STANDARD = gnu11;
				GCC_DYNAMIC_NO_PIC = NO;
				GCC_NO_COMMON_BLOCKS = YES;
				GCC_OPTIMIZATION_LEVEL = 0;
				GCC_PREPROCESSOR_DEFINITIONS = (
					"DEBUG=1",
					"$(inherited)",
				);
				GCC_WARN_64_TO_32_BIT_CONVERSION = YES;
				GCC_WARN_ABOUT_RETURN_TYPE = YES_ERROR;
				GCC_WARN_UNDECLARED_SELECTOR = YES;
				GCC_WARN_UNINITIALIZED_AUTOS = YES_AGGRESSIVE;
				GCC_WARN_UNUSED_FUNCTION = YES;
				GCC_WARN_UNUSED_VARIABLE = YES;
				IPHONEOS_DEPLOYMENT_TARGET = 13.0;
				MTL_ENABLE_DEBUG_INFO = INCLUDE_SOURCE;
				MTL_FAST_MATH = YES;
				ONLY_ACTIVE_ARCH = YES;
				SDKROOT = iphoneos;
				SWIFT_ACTIVE_COMPILATION_CONDITIONS = DEBUG;
				SWIFT_OPTIMIZATION_LEVEL = "-Onone";
			};
			name = Debug;
		};
		2376A5EB26578A9400E9A128 /* Release */ = {
			isa = XCBuildConfiguration;
			buildSettings = {
				ALWAYS_SEARCH_USER_PATHS = NO;
				CLANG_ANALYZER_NONNULL = YES;
				CLANG_ANALYZER_NUMBER_OBJECT_CONVERSION = YES_AGGRESSIVE;
				CLANG_CXX_LANGUAGE_STANDARD = "gnu++14";
				CLANG_CXX_LIBRARY = "libc++";
				CLANG_ENABLE_MODULES = YES;
				CLANG_ENABLE_OBJC_ARC = YES;
				CLANG_ENABLE_OBJC_WEAK = YES;
				CLANG_WARN_BLOCK_CAPTURE_AUTORELEASING = YES;
				CLANG_WARN_BOOL_CONVERSION = YES;
				CLANG_WARN_COMMA = YES;
				CLANG_WARN_CONSTANT_CONVERSION = YES;
				CLANG_WARN_DEPRECATED_OBJC_IMPLEMENTATIONS = YES;
				CLANG_WARN_DIRECT_OBJC_ISA_USAGE = YES_ERROR;
				CLANG_WARN_DOCUMENTATION_COMMENTS = YES;
				CLANG_WARN_EMPTY_BODY = YES;
				CLANG_WARN_ENUM_CONVERSION = YES;
				CLANG_WARN_INFINITE_RECURSION = YES;
				CLANG_WARN_INT_CONVERSION = YES;
				CLANG_WARN_NON_LITERAL_NULL_CONVERSION = YES;
				CLANG_WARN_OBJC_IMPLICIT_RETAIN_SELF = YES;
				CLANG_WARN_OBJC_LITERAL_CONVERSION = YES;
				CLANG_WARN_OBJC_ROOT_CLASS = YES_ERROR;
				CLANG_WARN_QUOTED_INCLUDE_IN_FRAMEWORK_HEADER = YES;
				CLANG_WARN_RANGE_LOOP_ANALYSIS = YES;
				CLANG_WARN_STRICT_PROTOTYPES = YES;
				CLANG_WARN_SUSPICIOUS_MOVE = YES;
				CLANG_WARN_UNGUARDED_AVAILABILITY = YES_AGGRESSIVE;
				CLANG_WARN_UNREACHABLE_CODE = YES;
				CLANG_WARN__DUPLICATE_METHOD_MATCH = YES;
				COPY_PHASE_STRIP = NO;
				DEBUG_INFORMATION_FORMAT = "dwarf-with-dsym";
				ENABLE_NS_ASSERTIONS = NO;
				ENABLE_STRICT_OBJC_MSGSEND = YES;
				GCC_C_LANGUAGE_STANDARD = gnu11;
				GCC_NO_COMMON_BLOCKS = YES;
				GCC_WARN_64_TO_32_BIT_CONVERSION = YES;
				GCC_WARN_ABOUT_RETURN_TYPE = YES_ERROR;
				GCC_WARN_UNDECLARED_SELECTOR = YES;
				GCC_WARN_UNINITIALIZED_AUTOS = YES_AGGRESSIVE;
				GCC_WARN_UNUSED_FUNCTION = YES;
				GCC_WARN_UNUSED_VARIABLE = YES;
				IPHONEOS_DEPLOYMENT_TARGET = 13.0;
				MTL_ENABLE_DEBUG_INFO = NO;
				MTL_FAST_MATH = YES;
				SDKROOT = iphoneos;
				SWIFT_COMPILATION_MODE = wholemodule;
				SWIFT_OPTIMIZATION_LEVEL = "-O";
				VALIDATE_PRODUCT = YES;
			};
			name = Release;
		};
		2376A5ED26578A9400E9A128 /* Debug */ = {
			isa = XCBuildConfiguration;
			buildSettings = {
				ASSETCATALOG_COMPILER_APPICON_NAME = AppIcon;
				ASSETCATALOG_COMPILER_GLOBAL_ACCENT_COLOR_NAME = AccentColor;
				CODE_SIGN_STYLE = Automatic;
				DEVELOPMENT_TEAM = RYK6GDE7V9;
				INFOPLIST_FILE = "Veximoji-Example/Info.plist";
				LD_RUNPATH_SEARCH_PATHS = (
					"$(inherited)",
					"@executable_path/Frameworks",
				);
				PRODUCT_BUNDLE_IDENTIFIER = "com.notenoughscience.Veximoji-Example";
				PRODUCT_NAME = "$(TARGET_NAME)";
				SWIFT_VERSION = 5.0;
				TARGETED_DEVICE_FAMILY = "1,2";
			};
			name = Debug;
		};
		2376A5EE26578A9400E9A128 /* Release */ = {
			isa = XCBuildConfiguration;
			buildSettings = {
				ASSETCATALOG_COMPILER_APPICON_NAME = AppIcon;
				ASSETCATALOG_COMPILER_GLOBAL_ACCENT_COLOR_NAME = AccentColor;
				CODE_SIGN_STYLE = Automatic;
				DEVELOPMENT_TEAM = RYK6GDE7V9;
				INFOPLIST_FILE = "Veximoji-Example/Info.plist";
				LD_RUNPATH_SEARCH_PATHS = (
					"$(inherited)",
					"@executable_path/Frameworks",
				);
				PRODUCT_BUNDLE_IDENTIFIER = "com.notenoughscience.Veximoji-Example";
				PRODUCT_NAME = "$(TARGET_NAME)";
				SWIFT_VERSION = 5.0;
				TARGETED_DEVICE_FAMILY = "1,2";
			};
			name = Release;
		};
/* End XCBuildConfiguration section */

/* Begin XCConfigurationList section */
		2376A5D326578A9000E9A128 /* Build configuration list for PBXProject "Veximoji-Example" */ = {
			isa = XCConfigurationList;
			buildConfigurations = (
				2376A5EA26578A9400E9A128 /* Debug */,
				2376A5EB26578A9400E9A128 /* Release */,
			);
			defaultConfigurationIsVisible = 0;
			defaultConfigurationName = Release;
		};
		2376A5EC26578A9400E9A128 /* Build configuration list for PBXNativeTarget "Veximoji-Example" */ = {
			isa = XCConfigurationList;
			buildConfigurations = (
				2376A5ED26578A9400E9A128 /* Debug */,
				2376A5EE26578A9400E9A128 /* Release */,
			);
			defaultConfigurationIsVisible = 0;
			defaultConfigurationName = Release;
		};
/* End XCConfigurationList section */

/* Begin XCRemoteSwiftPackageReference section */
		2376A5F12657934E00E9A128 /* XCRemoteSwiftPackageReference "Veximoji" */ = {
			isa = XCRemoteSwiftPackageReference;
			repositoryURL = "https://github.com/roz0n/Veximoji.git";
			requirement = {
				branch = main;
				kind = branch;
			};
		};
		239F69BC282B17EE00E198D2 /* XCRemoteSwiftPackageReference "Veximoji" */ = {
			isa = XCRemoteSwiftPackageReference;
			repositoryURL = "https://github.com/roz0n/Veximoji";
			requirement = {
				branch = main;
				kind = branch;
			};
		};
/* End XCRemoteSwiftPackageReference section */

/* Begin XCSwiftPackageProductDependency section */
		239F69BD282B17EE00E198D2 /* Veximoji */ = {
			isa = XCSwiftPackageProductDependency;
			package = 239F69BC282B17EE00E198D2 /* XCRemoteSwiftPackageReference "Veximoji" */;
			productName = Veximoji;
		};
/* End XCSwiftPackageProductDependency section */
	};
	rootObject = 2376A5D026578A9000E9A128 /* Project object */;
}
